
Microsoft Visual Studio Solution File, Format Version 10.00
# Visual Studio 2008
Project("{8BC9CEB8-8B4A-11D0-8D11-00A0C91BC942}") = "DRM_API", "DRM_API\DRM_API.vcproj", "{F582FD17-D796-4A8C-9470-84FD1E5026E3}"
	ProjectSection(ProjectDependencies) = postProject
		{59FA79DC-7A50-4FF4-BBBF-41C6345AFB02} = {59FA79DC-7A50-4FF4-BBBF-41C6345AFB02}
	EndProjectSection
EndProject
Project("{8BC9CEB8-8B4A-11D0-8D11-00A0C91BC942}") = "TestDRM_API", "TestDRM_API\TestDRM_API.vcproj", "{644D07E8-C773-4DE9-9123-C4FBFC0D53ED}"
	ProjectSection(ProjectDependencies) = postProject
		{F582FD17-D796-4A8C-9470-84FD1E5026E3} = {F582FD17-D796-4A8C-9470-84FD1E5026E3}
	EndProjectSection
EndProject
Project("{8BC9CEB8-8B4A-11D0-8D11-00A0C91BC942}") = "miracl", "miracl\miracl.vcproj", "{59FA79DC-7A50-4FF4-BBBF-41C6345AFB02}"
EndProject
Project("{8BC9CEB8-8B4A-11D0-8D11-00A0C91BC942}") = "TestMiracl", "TestMiracl\TestMiracl.vcproj", "{01301067-D1AB-4B49-BD92-4CCB3E4E0357}"
	ProjectSection(ProjectDependencies) = postProject
		{59FA79DC-7A50-4FF4-BBBF-41C6345AFB02} = {59FA79DC-7A50-4FF4-BBBF-41C6345AFB02}
	EndProjectSection
EndProject
Project("{8BC9CEB8-8B4A-11D0-8D11-00A0C91BC942}") = "zlib", "zlib\zlib.vcproj", "{C7BC866E-C709-4334-94C2-3F4F714DDB4E}"
EndProject
Project("{8BC9CEB8-8B4A-11D0-8D11-00A0C91BC942}") = "zlib_test", "zlib_test\zlib_test.vcproj", "{12D1EB5C-2720-48B6-8065-EB77E51A3C3F}"
	ProjectSection(ProjectDependencies) = postProject
		{C7BC866E-C709-4334-94C2-3F4F714DDB4E} = {C7BC866E-C709-4334-94C2-3F4F714DDB4E}
	EndProjectSection
EndProject
Global
	GlobalSection(SolutionConfigurationPlatforms) = preSolution
		Debug|Win32 = Debug|Win32
		DRM_CLIENT|Win32 = DRM_CLIENT|Win32
		DRM_CLIENTD|Win32 = DRM_CLIENTD|Win32
		DRM_ENCTOOL|Win32 = DRM_ENCTOOL|Win32
		DRM_ENCTOOLD|Win32 = DRM_ENCTOOLD|Win32
		DRM_SERVER|Win32 = DRM_SERVER|Win32
		DRM_SERVERD|Win32 = DRM_SERVERD|Win32
		Release|Win32 = Release|Win32
	EndGlobalSection
	GlobalSection(ProjectConfigurationPlatforms) = postSolution
		{F582FD17-D796-4A8C-9470-84FD1E5026E3}.Debug|Win32.ActiveCfg = Debug|Win32
		{F582FD17-D796-4A8C-9470-84FD1E5026E3}.Debug|Win32.Build.0 = Debug|Win32
		{F582FD17-D796-4A8C-9470-84FD1E5026E3}.DRM_CLIENT|Win32.ActiveCfg = DRM_CLIENT|Win32
		{F582FD17-D796-4A8C-9470-84FD1E5026E3}.DRM_CLIENT|Win32.Build.0 = DRM_CLIENT|Win32
		{F582FD17-D796-4A8C-9470-84FD1E5026E3}.DRM_CLIENTD|Win32.ActiveCfg = DRM_CLIENTD|Win32
		{F582FD17-D796-4A8C-9470-84FD1E5026E3}.DRM_CLIENTD|Win32.Build.0 = DRM_CLIENTD|Win32
		{F582FD17-D796-4A8C-9470-84FD1E5026E3}.DRM_ENCTOOL|Win32.ActiveCfg = DRM_ENCTOOL|Win32
		{F582FD17-D796-4A8C-9470-84FD1E5026E3}.DRM_ENCTOOL|Win32.Build.0 = DRM_ENCTOOL|Win32
		{F582FD17-D796-4A8C-9470-84FD1E5026E3}.DRM_ENCTOOLD|Win32.ActiveCfg = DRM_ENCTOOLD|Win32
		{F582FD17-D796-4A8C-9470-84FD1E5026E3}.DRM_ENCTOOLD|Win32.Build.0 = DRM_ENCTOOLD|Win32
		{F582FD17-D796-4A8C-9470-84FD1E5026E3}.DRM_SERVER|Win32.ActiveCfg = DRM_SERVER|Win32
		{F582FD17-D796-4A8C-9470-84FD1E5026E3}.DRM_SERVER|Win32.Build.0 = DRM_SERVER|Win32
		{F582FD17-D796-4A8C-9470-84FD1E5026E3}.DRM_SERVERD|Win32.ActiveCfg = DRM_SERVERD|Win32
		{F582FD17-D796-4A8C-9470-84FD1E5026E3}.DRM_SERVERD|Win32.Build.0 = DRM_SERVERD|Win32
		{F582FD17-D796-4A8C-9470-84FD1E5026E3}.Release|Win32.ActiveCfg = Release|Win32
		{F582FD17-D796-4A8C-9470-84FD1E5026E3}.Release|Win32.Build.0 = Release|Win32
		{644D07E8-C773-4DE9-9123-C4FBFC0D53ED}.Debug|Win32.ActiveCfg = Debug|Win32
		{644D07E8-C773-4DE9-9123-C4FBFC0D53ED}.Debug|Win32.Build.0 = Debug|Win32
		{644D07E8-C773-4DE9-9123-C4FBFC0D53ED}.DRM_CLIENT|Win32.ActiveCfg = DRM_CLIENT|Win32
		{644D07E8-C773-4DE9-9123-C4FBFC0D53ED}.DRM_CLIENT|Win32.Build.0 = DRM_CLIENT|Win32
		{644D07E8-C773-4DE9-9123-C4FBFC0D53ED}.DRM_CLIENTD|Win32.ActiveCfg = DRM_CLIENTD|Win32
		{644D07E8-C773-4DE9-9123-C4FBFC0D53ED}.DRM_CLIENTD|Win32.Build.0 = DRM_CLIENTD|Win32
		{644D07E8-C773-4DE9-9123-C4FBFC0D53ED}.DRM_ENCTOOL|Win32.ActiveCfg = DRM_ENCTOOL|Win32
		{644D07E8-C773-4DE9-9123-C4FBFC0D53ED}.DRM_ENCTOOL|Win32.Build.0 = DRM_ENCTOOL|Win32
		{644D07E8-C773-4DE9-9123-C4FBFC0D53ED}.DRM_ENCTOOLD|Win32.ActiveCfg = DRM_ENCTOOLD|Win32
		{644D07E8-C773-4DE9-9123-C4FBFC0D53ED}.DRM_ENCTOOLD|Win32.Build.0 = DRM_ENCTOOLD|Win32
		{644D07E8-C773-4DE9-9123-C4FBFC0D53ED}.DRM_SERVER|Win32.ActiveCfg = DRM_SERVER|Win32
		{644D07E8-C773-4DE9-9123-C4FBFC0D53ED}.DRM_SERVER|Win32.Build.0 = DRM_SERVER|Win32
		{644D07E8-C773-4DE9-9123-C4FBFC0D53ED}.DRM_SERVERD|Win32.ActiveCfg = DRM_SERVERD|Win32
		{644D07E8-C773-4DE9-9123-C4FBFC0D53ED}.DRM_SERVERD|Win32.Build.0 = DRM_SERVERD|Win32
		{644D07E8-C773-4DE9-9123-C4FBFC0D53ED}.Release|Win32.ActiveCfg = Release|Win32
		{644D07E8-C773-4DE9-9123-C4FBFC0D53ED}.Release|Win32.Build.0 = Release|Win32
		{59FA79DC-7A50-4FF4-BBBF-41C6345AFB02}.Debug|Win32.ActiveCfg = Debug|Win32
		{59FA79DC-7A50-4FF4-BBBF-41C6345AFB02}.Debug|Win32.Build.0 = Debug|Win32
		{59FA79DC-7A50-4FF4-BBBF-41C6345AFB02}.DRM_CLIENT|Win32.ActiveCfg = Release|Win32
		{59FA79DC-7A50-4FF4-BBBF-41C6345AFB02}.DRM_CLIENT|Win32.Build.0 = Release|Win32
		{59FA79DC-7A50-4FF4-BBBF-41C6345AFB02}.DRM_CLIENTD|Win32.ActiveCfg = Debug|Win32
		{59FA79DC-7A50-4FF4-BBBF-41C6345AFB02}.DRM_CLIENTD|Win32.Build.0 = Debug|Win32
		{59FA79DC-7A50-4FF4-BBBF-41C6345AFB02}.DRM_ENCTOOL|Win32.ActiveCfg = Release|Win32
		{59FA79DC-7A50-4FF4-BBBF-41C6345AFB02}.DRM_ENCTOOL|Win32.Build.0 = Release|Win32
		{59FA79DC-7A50-4FF4-BBBF-41C6345AFB02}.DRM_ENCTOOLD|Win32.ActiveCfg = Debug|Win32
		{59FA79DC-7A50-4FF4-BBBF-41C6345AFB02}.DRM_ENCTOOLD|Win32.Build.0 = Debug|Win32
		{59FA79DC-7A50-4FF4-BBBF-41C6345AFB02}.DRM_SERVER|Win32.ActiveCfg = Release|Win32
		{59FA79DC-7A50-4FF4-BBBF-41C6345AFB02}.DRM_SERVER|Win32.Build.0 = Release|Win32
		{59FA79DC-7A50-4FF4-BBBF-41C6345AFB02}.DRM_SERVERD|Win32.ActiveCfg = Debug|Win32
		{59FA79DC-7A50-4FF4-BBBF-41C6345AFB02}.DRM_SERVERD|Win32.Build.0 = Debug|Win32
		{59FA79DC-7A50-4FF4-BBBF-41C6345AFB02}.Release|Win32.ActiveCfg = Release|Win32
		{59FA79DC-7A50-4FF4-BBBF-41C6345AFB02}.Release|Win32.Build.0 = Release|Win32
		{01301067-D1AB-4B49-BD92-4CCB3E4E0357}.Debug|Win32.ActiveCfg = Debug|Win32
		{01301067-D1AB-4B49-BD92-4CCB3E4E0357}.Debug|Win32.Build.0 = Debug|Win32
		{01301067-D1AB-4B49-BD92-4CCB3E4E0357}.DRM_CLIENT|Win32.ActiveCfg = Release|Win32
		{01301067-D1AB-4B49-BD92-4CCB3E4E0357}.DRM_CLIENT|Win32.Build.0 = Release|Win32
		{01301067-D1AB-4B49-BD92-4CCB3E4E0357}.DRM_CLIENTD|Win32.ActiveCfg = Debug|Win32
		{01301067-D1AB-4B49-BD92-4CCB3E4E0357}.DRM_CLIENTD|Win32.Build.0 = Debug|Win32
		{01301067-D1AB-4B49-BD92-4CCB3E4E0357}.DRM_ENCTOOL|Win32.ActiveCfg = Release|Win32
		{01301067-D1AB-4B49-BD92-4CCB3E4E0357}.DRM_ENCTOOL|Win32.Build.0 = Release|Win32
		{01301067-D1AB-4B49-BD92-4CCB3E4E0357}.DRM_ENCTOOLD|Win32.ActiveCfg = Debug|Win32
		{01301067-D1AB-4B49-BD92-4CCB3E4E0357}.DRM_ENCTOOLD|Win32.Build.0 = Debug|Win32
		{01301067-D1AB-4B49-BD92-4CCB3E4E0357}.DRM_SERVER|Win32.ActiveCfg = Release|Win32
		{01301067-D1AB-4B49-BD92-4CCB3E4E0357}.DRM_SERVER|Win32.Build.0 = Release|Win32
		{01301067-D1AB-4B49-BD92-4CCB3E4E0357}.DRM_SERVERD|Win32.ActiveCfg = Debug|Win32
		{01301067-D1AB-4B49-BD92-4CCB3E4E0357}.DRM_SERVERD|Win32.Build.0 = Debug|Win32
		{01301067-D1AB-4B49-BD92-4CCB3E4E0357}.Release|Win32.ActiveCfg = Release|Win32
		{01301067-D1AB-4B49-BD92-4CCB3E4E0357}.Release|Win32.Build.0 = Release|Win32
		{C7BC866E-C709-4334-94C2-3F4F714DDB4E}.Debug|Win32.ActiveCfg = Debug|Win32
		{C7BC866E-C709-4334-94C2-3F4F714DDB4E}.DRM_CLIENT|Win32.ActiveCfg = Release|Win32
		{C7BC866E-C709-4334-94C2-3F4F714DDB4E}.DRM_CLIENTD|Win32.ActiveCfg = Debug|Win32
		{C7BC866E-C709-4334-94C2-3F4F714DDB4E}.DRM_ENCTOOL|Win32.ActiveCfg = Release|Win32
		{C7BC866E-C709-4334-94C2-3F4F714DDB4E}.DRM_ENCTOOLD|Win32.ActiveCfg = Debug|Win32
		{C7BC866E-C709-4334-94C2-3F4F714DDB4E}.DRM_SERVER|Win32.ActiveCfg = Release|Win32
		{C7BC866E-C709-4334-94C2-3F4F714DDB4E}.DRM_SERVERD|Win32.ActiveCfg = Debug|Win32
		{C7BC866E-C709-4334-94C2-3F4F714DDB4E}.Release|Win32.ActiveCfg = Release|Win32
		{12D1EB5C-2720-48B6-8065-EB77E51A3C3F}.Debug|Win32.ActiveCfg = Debug|Win32
		{12D1EB5C-2720-48B6-8065-EB77E51A3C3F}.DRM_CLIENT|Win32.ActiveCfg = Release|Win32
		{12D1EB5C-2720-48B6-8065-EB77E51A3C3F}.DRM_CLIENTD|Win32.ActiveCfg = Debug|Win32
		{12D1EB5C-2720-48B6-8065-EB77E51A3C3F}.DRM_ENCTOOL|Win32.ActiveCfg = Release|Win32
		{12D1EB5C-2720-48B6-8065-EB77E51A3C3F}.DRM_ENCTOOLD|Win32.ActiveCfg = Debug|Win32
		{12D1EB5C-2720-48B6-8065-EB77E51A3C3F}.DRM_SERVER|Win32.ActiveCfg = Release|Win32
		{12D1EB5C-2720-48B6-8065-EB77E51A3C3F}.DRM_SERVERD|Win32.ActiveCfg = Debug|Win32
		{12D1EB5C-2720-48B6-8065-EB77E51A3C3F}.Release|Win32.ActiveCfg = Release|Win32
	EndGlobalSection
	GlobalSection(SolutionProperties) = preSolution
		HideSolutionNode = FALSE
	EndGlobalSection
EndGlobal
